// !$*UTF8*$!
{
	archiveVersion = 1;
	classes = {
	};
	objectVersion = 46;
	objects = {

/* Begin PBXBuildFile section */
		E48B30D61B9ED1C50033A3AE /* SLQFriendGroup.m in Sources */ = {isa = PBXBuildFile; fileRef = E48B30D51B9ED1C50033A3AE /* SLQFriendGroup.m */; settings = {ASSET_TAGS = (); }; };
		E48B30D91B9ED20C0033A3AE /* SLQFriend.m in Sources */ = {isa = PBXBuildFile; fileRef = E48B30D81B9ED20C0033A3AE /* SLQFriend.m */; settings = {ASSET_TAGS = (); }; };
		E48B30DC1B9ED9620033A3AE /* SLQFriendCell.m in Sources */ = {isa = PBXBuildFile; fileRef = E48B30DB1B9ED9620033A3AE /* SLQFriendCell.m */; settings = {ASSET_TAGS = (); }; };
		E48B30DF1B9EE0870033A3AE /* SLQHeader.m in Sources */ = {isa = PBXBuildFile; fileRef = E48B30DE1B9EE0870033A3AE /* SLQHeader.m */; settings = {ASSET_TAGS = (); }; };
		E48EF1E21B9EC2BA009097ED /* main.m in Sources */ = {isa = PBXBuildFile; fileRef = E48EF1E11B9EC2BA009097ED /* main.m */; };
		E48EF1E51B9EC2BA009097ED /* AppDelegate.m in Sources */ = {isa = PBXBuildFile; fileRef = E48EF1E41B9EC2BA009097ED /* AppDelegate.m */; };
		E48EF1EB1B9EC2BA009097ED /* Main.storyboard in Resources */ = {isa = PBXBuildFile; fileRef = E48EF1E91B9EC2BA009097ED /* Main.storyboard */; };
		E48EF1EE1B9EC2BA009097ED /* _5_QQ____.xcdatamodeld in Sources */ = {isa = PBXBuildFile; fileRef = E48EF1EC1B9EC2BA009097ED /* _5_QQ____.xcdatamodeld */; };
		E48EF1F01B9EC2BA009097ED /* Assets.xcassets in Resources */ = {isa = PBXBuildFile; fileRef = E48EF1EF1B9EC2BA009097ED /* Assets.xcassets */; };
		E48EF1F31B9EC2BA009097ED /* LaunchScreen.storyboard in Resources */ = {isa = PBXBuildFile; fileRef = E48EF1F11B9EC2BA009097ED /* LaunchScreen.storyboard */; };
		E48EF1FE1B9EC2BA009097ED /* _5_QQ____Tests.m in Sources */ = {isa = PBXBuildFile; fileRef = E48EF1FD1B9EC2BA009097ED /* _5_QQ____Tests.m */; };
		E48EF2091B9EC2BA009097ED /* _5_QQ____UITests.m in Sources */ = {isa = PBXBuildFile; fileRef = E48EF2081B9EC2BA009097ED /* _5_QQ____UITests.m */; };
		E48EF21C1B9EC33B009097ED /* friends.plist in Resources */ = {isa = PBXBuildFile; fileRef = E48EF21B1B9EC33B009097ED /* friends.plist */; settings = {ASSET_TAGS = (); }; };
		E4A675761B9EC3EB00054211 /* MainViewController.m in Sources */ = {isa = PBXBuildFile; fileRef = E4A675751B9EC3EB00054211 /* MainViewController.m */; settings = {ASSET_TAGS = (); }; };
/* End PBXBuildFile section */

/* Begin PBXContainerItemProxy section */
		E48EF1FA1B9EC2BA009097ED /* PBXContainerItemProxy */ = {
			isa = PBXContainerItemProxy;
			containerPortal = E48EF1D51B9EC2BA009097ED /* Project object */;
			proxyType = 1;
			remoteGlobalIDString = E48EF1DC1B9EC2BA009097ED;
			remoteInfo = "05-QQ列表实现";
		};
		E48EF2051B9EC2BA009097ED /* PBXContainerItemProxy */ = {
			isa = PBXContainerItemProxy;
			containerPortal = E48EF1D51B9EC2BA009097ED /* Project object */;
			proxyType = 1;
			remoteGlobalIDString = E48EF1DC1B9EC2BA009097ED;
			remoteInfo = "05-QQ列表实现";
		};
/* End PBXContainerItemProxy section */

/* Begin PBXFileReference section */
		E48B30D41B9ED1C50033A3AE /* SLQFriendGroup.h */ = {isa = PBXFileReference; fileEncoding = 4; lastKnownFileType = sourcecode.c.h; path = SLQFriendGroup.h; sourceTree = "<group>"; };
		E48B30D51B9ED1C50033A3AE /* SLQFriendGroup.m */ = {isa = PBXFileReference; fileEncoding = 4; lastKnownFileType = sourcecode.c.objc; path = SLQFriendGroup.m; sourceTree = "<group>"; };
		E48B30D71B9ED20C0033A3AE /* SLQFriend.h */ = {isa = PBXFileReference; fileEncoding = 4; lastKnownFileType = sourcecode.c.h; path = SLQFriend.h; sourceTree = "<group>"; };
		E48B30D81B9ED20C0033A3AE /* SLQFriend.m */ = {isa = PBXFileReference; fileEncoding = 4; lastKnownFileType = sourcecode.c.objc; path = SLQFriend.m; sourceTree = "<group>"; };
		E48B30DA1B9ED9620033A3AE /* SLQFriendCell.h */ = {isa = PBXFileReference; fileEncoding = 4; lastKnownFileType = sourcecode.c.h; path = SLQFriendCell.h; sourceTree = "<group>"; };
		E48B30DB1B9ED9620033A3AE /* SLQFriendCell.m */ = {isa = PBXFileReference; fileEncoding = 4; lastKnownFileType = sourcecode.c.objc; path = SLQFriendCell.m; sourceTree = "<group>"; };
		E48B30DD1B9EE0870033A3AE /* SLQHeader.h */ = {isa = PBXFileReference; fileEncoding = 4; lastKnownFileType = sourcecode.c.h; path = SLQHeader.h; sourceTree = "<group>"; };
		E48B30DE1B9EE0870033A3AE /* SLQHeader.m */ = {isa = PBXFileReference; fileEncoding = 4; lastKnownFileType = sourcecode.c.objc; path = SLQHeader.m; sourceTree = "<group>"; };
		E48EF1DD1B9EC2BA009097ED /* 05-QQ列表实现.app */ = {isa = PBXFileReference; explicitFileType = wrapper.application; includeInIndex = 0; path = "05-QQ列表实现.app"; sourceTree = BUILT_PRODUCTS_DIR; };
		E48EF1E11B9EC2BA009097ED /* main.m */ = {isa = PBXFileReference; lastKnownFileType = sourcecode.c.objc; name = main.m; path = ../../main.m; sourceTree = "<group>"; };
		E48EF1E31B9EC2BA009097ED /* AppDelegate.h */ = {isa = PBXFileReference; lastKnownFileType = sourcecode.c.h; name = AppDelegate.h; path = ../AppDelegate.h; sourceTree = "<group>"; };
		E48EF1E41B9EC2BA009097ED /* AppDelegate.m */ = {isa = PBXFileReference; lastKnownFileType = sourcecode.c.objc; name = AppDelegate.m; path = ../AppDelegate.m; sourceTree = "<group>"; };
		E48EF1EA1B9EC2BA009097ED /* Base */ = {isa = PBXFileReference; lastKnownFileType = file.storyboard; name = Base; path = Base.lproj/Main.storyboard; sourceTree = "<group>"; };
		E48EF1ED1B9EC2BA009097ED /* _5_QQ____.xcdatamodel */ = {isa = PBXFileReference; lastKnownFileType = wrapper.xcdatamodel; path = "_5_QQ____.xcdatamodel"; sourceTree = "<group>"; };
		E48EF1EF1B9EC2BA009097ED /* Assets.xcassets */ = {isa = PBXFileReference; lastKnownFileType = folder.assetcatalog; path = Assets.xcassets; sourceTree = "<group>"; };
		E48EF1F21B9EC2BA009097ED /* Base */ = {isa = PBXFileReference; lastKnownFileType = file.storyboard; name = Base; path = Base.lproj/LaunchScreen.storyboard; sourceTree = "<group>"; };
		E48EF1F41B9EC2BA009097ED /* Info.plist */ = {isa = PBXFileReference; lastKnownFileType = text.plist.xml; path = Info.plist; sourceTree = "<group>"; };
		E48EF1F91B9EC2BA009097ED /* 05-QQ列表实现Tests.xctest */ = {isa = PBXFileReference; explicitFileType = wrapper.cfbundle; includeInIndex = 0; path = "05-QQ列表实现Tests.xctest"; sourceTree = BUILT_PRODUCTS_DIR; };
		E48EF1FD1B9EC2BA009097ED /* _5_QQ____Tests.m */ = {isa = PBXFileReference; lastKnownFileType = sourcecode.c.objc; path = "_5_QQ____Tests.m"; sourceTree = "<group>"; };
		E48EF1FF1B9EC2BA009097ED /* Info.plist */ = {isa = PBXFileReference; lastKnownFileType = text.plist.xml; path = Info.plist; sourceTree = "<group>"; };
		E48EF2041B9EC2BA009097ED /* 05-QQ列表实现UITests.xctest */ = {isa = PBXFileReference; explicitFileType = wrapper.cfbundle; includeInIndex = 0; path = "05-QQ列表实现UITests.xctest"; sourceTree = BUILT_PRODUCTS_DIR; };
		E48EF2081B9EC2BA009097ED /* _5_QQ____UITests.m */ = {isa = PBXFileReference; lastKnownFileType = sourcecode.c.objc; path = "_5_QQ____UITests.m"; sourceTree = "<group>"; };
		E48EF20A1B9EC2BA009097ED /* Info.plist */ = {isa = PBXFileReference; lastKnownFileType = text.plist.xml; path = Info.plist; sourceTree = "<group>"; };
		E48EF21B1B9EC33B009097ED /* friends.plist */ = {isa = PBXFileReference; fileEncoding = 4; lastKnownFileType = text.plist.xml; path = friends.plist; sourceTree = "<group>"; };
		E4A675741B9EC3EB00054211 /* MainViewController.h */ = {isa = PBXFileReference; fileEncoding = 4; lastKnownFileType = sourcecode.c.h; path = MainViewController.h; sourceTree = "<group>"; };
		E4A675751B9EC3EB00054211 /* MainViewController.m */ = {isa = PBXFileReference; fileEncoding = 4; lastKnownFileType = sourcecode.c.objc; path = MainViewController.m; sourceTree = "<group>"; };
/* End PBXFileReference section */

/* Begin PBXFrameworksBuildPhase section */
		E48EF1DA1B9EC2BA009097ED /* Frameworks */ = {
			isa = PBXFrameworksBuildPhase;
			buildActionMask = 2147483647;
			files = (
			);
			runOnlyForDeploymentPostprocessing = 0;
		};
		E48EF1F61B9EC2BA009097ED /* Frameworks */ = {
			isa = PBXFrameworksBuildPhase;
			buildActionMask = 2147483647;
			files = (
			);
			runOnlyForDeploymentPostprocessing = 0;
		};
		E48EF2011B9EC2BA009097ED /* Frameworks */ = {
			isa = PBXFrameworksBuildPhase;
			buildActionMask = 2147483647;
			files = (
			);
			runOnlyForDeploymentPostprocessing = 0;
		};
/* End PBXFrameworksBuildPhase section */

/* Begin PBXGroup section */
		E48EF1D41B9EC2BA009097ED = {
			isa = PBXGroup;
			children = (
				E48EF1DF1B9EC2BA009097ED /* 05-QQ列表实现 */,
				E48EF1FC1B9EC2BA009097ED /* 05-QQ列表实现Tests */,
				E48EF2071B9EC2BA009097ED /* 05-QQ列表实现UITests */,
				E48EF1DE1B9EC2BA009097ED /* Products */,
			);
			sourceTree = "<group>";
		};
		E48EF1DE1B9EC2BA009097ED /* Products */ = {
			isa = PBXGroup;
			children = (
				E48EF1DD1B9EC2BA009097ED /* 05-QQ列表实现.app */,
				E48EF1F91B9EC2BA009097ED /* 05-QQ列表实现Tests.xctest */,
				E48EF2041B9EC2BA009097ED /* 05-QQ列表实现UITests.xctest */,
			);
			name = Products;
			sourceTree = "<group>";
		};
		E48EF1DF1B9EC2BA009097ED /* 05-QQ列表实现 */ = {
			isa = PBXGroup;
			children = (
				E48EF2161B9EC319009097ED /* Classes */,
				E48EF1E91B9EC2BA009097ED /* Main.storyboard */,
				E48EF1EF1B9EC2BA009097ED /* Assets.xcassets */,
				E48EF1E01B9EC2BA009097ED /* Supporting Files */,
			);
			path = "05-QQ列表实现";
			sourceTree = "<group>";
		};
		E48EF1E01B9EC2BA009097ED /* Supporting Files */ = {
			isa = PBXGroup;
			children = (
				E48EF21B1B9EC33B009097ED /* friends.plist */,
				E48EF1F11B9EC2BA009097ED /* LaunchScreen.storyboard */,
				E48EF1F41B9EC2BA009097ED /* Info.plist */,
				E48EF1EC1B9EC2BA009097ED /* _5_QQ____.xcdatamodeld */,
			);
			name = "Supporting Files";
			sourceTree = "<group>";
		};
		E48EF1FC1B9EC2BA009097ED /* 05-QQ列表实现Tests */ = {
			isa = PBXGroup;
			children = (
				E48EF1FD1B9EC2BA009097ED /* _5_QQ____Tests.m */,
				E48EF1FF1B9EC2BA009097ED /* Info.plist */,
			);
			path = "05-QQ列表实现Tests";
			sourceTree = "<group>";
		};
		E48EF2071B9EC2BA009097ED /* 05-QQ列表实现UITests */ = {
			isa = PBXGroup;
			children = (
				E48EF2081B9EC2BA009097ED /* _5_QQ____UITests.m */,
				E48EF20A1B9EC2BA009097ED /* Info.plist */,
			);
			path = "05-QQ列表实现UITests";
			sourceTree = "<group>";
		};
		E48EF2161B9EC319009097ED /* Classes */ = {
			isa = PBXGroup;
			children = (
				E48EF1E31B9EC2BA009097ED /* AppDelegate.h */,
				E48EF1E41B9EC2BA009097ED /* AppDelegate.m */,
				E48EF2171B9EC319009097ED /* Controller */,
				E48EF2181B9EC319009097ED /* Model */,
				E48EF21A1B9EC319009097ED /* View */,
				E48EF2191B9EC319009097ED /* Other */,
			);
			path = Classes;
			sourceTree = "<group>";
		};
		E48EF2171B9EC319009097ED /* Controller */ = {
			isa = PBXGroup;
			children = (
				E4A675741B9EC3EB00054211 /* MainViewController.h */,
				E4A675751B9EC3EB00054211 /* MainViewController.m */,
			);
			path = Controller;
			sourceTree = "<group>";
		};
		E48EF2181B9EC319009097ED /* Model */ = {
			isa = PBXGroup;
			children = (
				E48B30D41B9ED1C50033A3AE /* SLQFriendGroup.h */,
				E48B30D51B9ED1C50033A3AE /* SLQFriendGroup.m */,
				E48B30D71B9ED20C0033A3AE /* SLQFriend.h */,
				E48B30D81B9ED20C0033A3AE /* SLQFriend.m */,
			);
			path = Model;
			sourceTree = "<group>";
		};
		E48EF2191B9EC319009097ED /* Other */ = {
			isa = PBXGroup;
			children = (
				E48EF1E11B9EC2BA009097ED /* main.m */,
			);
			path = Other;
			sourceTree = "<group>";
		};
		E48EF21A1B9EC319009097ED /* View */ = {
			isa = PBXGroup;
			children = (
				E48B30DA1B9ED9620033A3AE /* SLQFriendCell.h */,
				E48B30DB1B9ED9620033A3AE /* SLQFriendCell.m */,
				E48B30DD1B9EE0870033A3AE /* SLQHeader.h */,
				E48B30DE1B9EE0870033A3AE /* SLQHeader.m */,
			);
			path = View;
			sourceTree = "<group>";
		};
/* End PBXGroup section */

/* Begin PBXNativeTarget section */
		E48EF1DC1B9EC2BA009097ED /* 05-QQ列表实现 */ = {
			isa = PBXNativeTarget;
			buildConfigurationList = E48EF20D1B9EC2BA009097ED /* Build configuration list for PBXNativeTarget "05-QQ列表实现" */;
			buildPhases = (
				E48EF1D91B9EC2BA009097ED /* Sources */,
				E48EF1DA1B9EC2BA009097ED /* Frameworks */,
				E48EF1DB1B9EC2BA009097ED /* Resources */,
			);
			buildRules = (
			);
			dependencies = (
			);
			name = "05-QQ列表实现";
			productName = "05-QQ列表实现";
			productReference = E48EF1DD1B9EC2BA009097ED /* 05-QQ列表实现.app */;
			productType = "com.apple.product-type.application";
		};
		E48EF1F81B9EC2BA009097ED /* 05-QQ列表实现Tests */ = {
			isa = PBXNativeTarget;
			buildConfigurationList = E48EF2101B9EC2BA009097ED /* Build configuration list for PBXNativeTarget "05-QQ列表实现Tests" */;
			buildPhases = (
				E48EF1F51B9EC2BA009097ED /* Sources */,
				E48EF1F61B9EC2BA009097ED /* Frameworks */,
				E48EF1F71B9EC2BA009097ED /* Resources */,
			);
			buildRules = (
			);
			dependencies = (
				E48EF1FB1B9EC2BA009097ED /* PBXTargetDependency */,
			);
			name = "05-QQ列表实现Tests";
			productName = "05-QQ列表实现Tests";
			productReference = E48EF1F91B9EC2BA009097ED /* 05-QQ列表实现Tests.xctest */;
			productType = "com.apple.product-type.bundle.unit-test";
		};
		E48EF2031B9EC2BA009097ED /* 05-QQ列表实现UITests */ = {
			isa = PBXNativeTarget;
			buildConfigurationList = E48EF2131B9EC2BA009097ED /* Build configuration list for PBXNativeTarget "05-QQ列表实现UITests" */;
			buildPhases = (
				E48EF2001B9EC2BA009097ED /* Sources */,
				E48EF2011B9EC2BA009097ED /* Frameworks */,
				E48EF2021B9EC2BA009097ED /* Resources */,
			);
			buildRules = (
			);
			dependencies = (
				E48EF2061B9EC2BA009097ED /* PBXTargetDependency */,
			);
			name = "05-QQ列表实现UITests";
			productName = "05-QQ列表实现UITests";
			productReference = E48EF2041B9EC2BA009097ED /* 05-QQ列表实现UITests.xctest */;
			productType = "com.apple.product-type.bundle.ui-testing";
		};
/* End PBXNativeTarget section */

/* Begin PBXProject section */
		E48EF1D51B9EC2BA009097ED /* Project object */ = {
			isa = PBXProject;
			attributes = {
				LastUpgradeCheck = 0700;
				ORGANIZATIONNAME = slq;
				TargetAttributes = {
					E48EF1DC1B9EC2BA009097ED = {
						CreatedOnToolsVersion = 7.0;
						DevelopmentTeam = 598H4YNG3K;
					};
					E48EF1F81B9EC2BA009097ED = {
						CreatedOnToolsVersion = 7.0;
						DevelopmentTeam = 598H4YNG3K;
						TestTargetID = E48EF1DC1B9EC2BA009097ED;
					};
					E48EF2031B9EC2BA009097ED = {
						CreatedOnToolsVersion = 7.0;
						DevelopmentTeam = 598H4YNG3K;
						TestTargetID = E48EF1DC1B9EC2BA009097ED;
					};
				};
			};
			buildConfigurationList = E48EF1D81B9EC2BA009097ED /* Build configuration list for PBXProject "05-QQ列表实现" */;
			compatibilityVersion = "Xcode 3.2";
			developmentRegion = English;
			hasScannedForEncodings = 0;
			knownRegions = (
				en,
				Base,
			);
			mainGroup = E48EF1D41B9EC2BA009097ED;
			productRefGroup = E48EF1DE1B9EC2BA009097ED /* Products */;
			projectDirPath = "";
			projectRoot = "";
			targets = (
				E48EF1DC1B9EC2BA009097ED /* 05-QQ列表实现 */,
				E48EF1F81B9EC2BA009097ED /* 05-QQ列表实现Tests */,
				E48EF2031B9EC2BA009097ED /* 05-QQ列表实现UITests */,
			);
		};
/* End PBXProject section */

/* Begin PBXResourcesBuildPhase section */
		E48EF1DB1B9EC2BA009097ED /* Resources */ = {
			isa = PBXResourcesBuildPhase;
			buildActionMask = 2147483647;
			files = (
				E48EF1F31B9EC2BA009097ED /* LaunchScreen.storyboard in Resources */,
				E48EF1F01B9EC2BA009097ED /* Assets.xcassets in Resources */,
				E48EF21C1B9EC33B009097ED /* friends.plist in Resources */,
				E48EF1EB1B9EC2BA009097ED /* Main.storyboard in Resources */,
			);
			runOnlyForDeploymentPostprocessing = 0;
		};
		E48EF1F71B9EC2BA009097ED /* Resources */ = {
			isa = PBXResourcesBuildPhase;
			buildActionMask = 2147483647;
			files = (
			);
			runOnlyForDeploymentPostprocessing = 0;
		};
		E48EF2021B9EC2BA009097ED /* Resources */ = {
			isa = PBXResourcesBuildPhase;
			buildActionMask = 2147483647;
			files = (
			);
			runOnlyForDeploymentPostprocessing = 0;
		};
/* End PBXResourcesBuildPhase section */

/* Begin PBXSourcesBuildPhase section */
		E48EF1D91B9EC2BA009097ED /* Sources */ = {
			isa = PBXSourcesBuildPhase;
			buildActionMask = 2147483647;
			files = (
				E48EF1E51B9EC2BA009097ED /* AppDelegate.m in Sources */,
				E48EF1E21B9EC2BA009097ED /* main.m in Sources */,
				E48B30D91B9ED20C0033A3AE /* SLQFriend.m in Sources */,
				E48B30D61B9ED1C50033A3AE /* SLQFriendGroup.m in Sources */,
				E48EF1EE1B9EC2BA009097ED /* _5_QQ____.xcdatamodeld in Sources */,
				E48B30DC1B9ED9620033A3AE /* SLQFriendCell.m in Sources */,
				E4A675761B9EC3EB00054211 /* MainViewController.m in Sources */,
				E48B30DF1B9EE0870033A3AE /* SLQHeader.m in Sources */,
			);
			runOnlyForDeploymentPostprocessing = 0;
		};
		E48EF1F51B9EC2BA009097ED /* Sources */ = {
			isa = PBXSourcesBuildPhase;
			buildActionMask = 2147483647;
			files = (
				E48EF1FE1B9EC2BA009097ED /* _5_QQ____Tests.m in Sources */,
			);
			runOnlyForDeploymentPostprocessing = 0;
		};
		E48EF2001B9EC2BA009097ED /* Sources */ = {
			isa = PBXSourcesBuildPhase;
			buildActionMask = 2147483647;
			files = (
				E48EF2091B9EC2BA009097ED /* _5_QQ____UITests.m in Sources */,
			);
			runOnlyForDeploymentPostprocessing = 0;
		};
/* End PBXSourcesBuildPhase section */

/* Begin PBXTargetDependency section */
		E48EF1FB1B9EC2BA009097ED /* PBXTargetDependency */ = {
			isa = PBXTargetDependency;
			target = E48EF1DC1B9EC2BA009097ED /* 05-QQ列表实现 */;
			targetProxy = E48EF1FA1B9EC2BA009097ED /* PBXContainerItemProxy */;
		};
		E48EF2061B9EC2BA009097ED /* PBXTargetDependency */ = {
			isa = PBXTargetDependency;
			target = E48EF1DC1B9EC2BA009097ED /* 05-QQ列表实现 */;
			targetProxy = E48EF2051B9EC2BA009097ED /* PBXContainerItemProxy */;
		};
/* End PBXTargetDependency section */

/* Begin PBXVariantGroup section */
		E48EF1E91B9EC2BA009097ED /* Main.storyboard */ = {
			isa = PBXVariantGroup;
			children = (
				E48EF1EA1B9EC2BA009097ED /* Base */,
			);
			name = Main.storyboard;
			sourceTree = "<group>";
		};
		E48EF1F11B9EC2BA009097ED /* LaunchScreen.storyboard */ = {
			isa = PBXVariantGroup;
			children = (
				E48EF1F21B9EC2BA009097ED /* Base */,
			);
			name = LaunchScreen.storyboard;
			sourceTree = "<group>";
		};
/* End PBXVariantGroup section */

/* Begin XCBuildConfiguration section */
		E48EF20B1B9EC2BA009097ED /* Debug */ = {
			isa = XCBuildConfiguration;
			buildSettings = {
				ALWAYS_SEARCH_USER_PATHS = NO;
				CLANG_CXX_LANGUAGE_STANDARD = "gnu++0x";
				CLANG_CXX_LIBRARY = "libc++";
				CLANG_ENABLE_MODULES = YES;
				CLANG_ENABLE_OBJC_ARC = YES;
				CLANG_WARN_BOOL_CONVERSION = YES;
				CLANG_WARN_CONSTANT_CONVERSION = YES;
				CLANG_WARN_DIRECT_OBJC_ISA_USAGE = YES_ERROR;
				CLANG_WARN_EMPTY_BODY = YES;
				CLANG_WARN_ENUM_CONVERSION = YES;
				CLANG_WARN_INT_CONVERSION = YES;
				CLANG_WARN_OBJC_ROOT_CLASS = YES_ERROR;
				CLANG_WARN_UNREACHABLE_CODE = YES;
				CLANG_WARN__DUPLICATE_METHOD_MATCH = YES;
				"CODE_SIGN_IDENTITY[sdk=iphoneos*]" = "iPhone Developer";
				COPY_PHASE_STRIP = NO;
				DEBUG_INFORMATION_FORMAT = dwarf;
				ENABLE_STRICT_OBJC_MSGSEND = YES;
				ENABLE_TESTABILITY = YES;
				GCC_C_LANGUAGE_STANDARD = gnu99;
				GCC_DYNAMIC_NO_PIC = NO;
				GCC_NO_COMMON_BLOCKS = YES;
				GCC_OPTIMIZATION_LEVEL = 0;
				GCC_PREPROCESSOR_DEFINITIONS = (
					"DEBUG=1",
					"$(inherited)",
				);
				GCC_WARN_64_TO_32_BIT_CONVERSION = YES;
				GCC_WARN_ABOUT_RETURN_TYPE = YES_ERROR;
				GCC_WARN_UNDECLARED_SELECTOR = YES;
				GCC_WARN_UNINITIALIZED_AUTOS = YES_AGGRESSIVE;
				GCC_WARN_UNUSED_FUNCTION = YES;
				GCC_WARN_UNUSED_VARIABLE = YES;
				IPHONEOS_DEPLOYMENT_TARGET = 9.0;
				MTL_ENABLE_DEBUG_INFO = YES;
				ONLY_ACTIVE_ARCH = YES;
				SDKROOT = iphoneos;
			};
			name = Debug;
		};
		E48EF20C1B9EC2BA009097ED /* Release */ = {
			isa = XCBuildConfiguration;
			buildSettings = {
				ALWAYS_SEARCH_USER_PATHS = NO;
				CLANG_CXX_LANGUAGE_STANDARD = "gnu++0x";
				CLANG_CXX_LIBRARY = "libc++";
				CLANG_ENABLE_MODULES = YES;
				CLANG_ENABLE_OBJC_ARC = YES;
				CLANG_WARN_BOOL_CONVERSION = YES;
				CLANG_WARN_CONSTANT_CONVERSION = YES;
				CLANG_WARN_DIRECT_OBJC_ISA_USAGE = YES_ERROR;
				CLANG_WARN_EMPTY_BODY = YES;
				CLANG_WARN_ENUM_CONVERSION = YES;
				CLANG_WARN_INT_CONVERSION = YES;
				CLANG_WARN_OBJC_ROOT_CLASS = YES_ERROR;
				CLANG_WARN_UNREACHABLE_CODE = YES;
				CLANG_WARN__DUPLICATE_METHOD_MATCH = YES;
				"CODE_SIGN_IDENTITY[sdk=iphoneos*]" = "iPhone Developer";
				COPY_PHASE_STRIP = NO;
				DEBUG_INFORMATION_FORMAT = "dwarf-with-dsym";
				ENABLE_NS_ASSERTIONS = NO;
				ENABLE_STRICT_OBJC_MSGSEND = YES;
				GCC_C_LANGUAGE_STANDARD = gnu99;
				GCC_NO_COMMON_BLOCKS = YES;
				GCC_WARN_64_TO_32_BIT_CONVERSION = YES;
				GCC_WARN_ABOUT_RETURN_TYPE = YES_ERROR;
				GCC_WARN_UNDECLARED_SELECTOR = YES;
				GCC_WARN_UNINITIALIZED_AUTOS = YES_AGGRESSIVE;
				GCC_WARN_UNUSED_FUNCTION = YES;
				GCC_WARN_UNUSED_VARIABLE = YES;
				IPHONEOS_DEPLOYMENT_TARGET = 9.0;
				MTL_ENABLE_DEBUG_INFO = NO;
				SDKROOT = iphoneos;
				VALIDATE_PRODUCT = YES;
			};
			name = Release;
		};
		E48EF20E1B9EC2BA009097ED /* Debug */ = {
			isa = XCBuildConfiguration;
			buildSettings = {
				ASSETCATALOG_COMPILER_APPICON_NAME = AppIcon;
				INFOPLIST_FILE = "05-QQ列表实现/Info.plist";
				LD_RUNPATH_SEARCH_PATHS = "$(inherited) @executable_path/Frameworks";
				PRODUCT_BUNDLE_IDENTIFIER = "com.xiaomage..-5-QQ----";
				PRODUCT_NAME = "$(TARGET_NAME)";
			};
			name = Debug;
		};
		E48EF20F1B9EC2BA009097ED /* Release */ = {
			isa = XCBuildConfiguration;
			buildSettings = {
				ASSETCATALOG_COMPILER_APPICON_NAME = AppIcon;
				INFOPLIST_FILE = "05-QQ列表实现/Info.plist";
				LD_RUNPATH_SEARCH_PATHS = "$(inherited) @executable_path/Frameworks";
				PRODUCT_BUNDLE_IDENTIFIER = "com.xiaomage..-5-QQ----";
				PRODUCT_NAME = "$(TARGET_NAME)";
			};
			name = Release;
		};
		E48EF2111B9EC2BA009097ED /* Debug */ = {
			isa = XCBuildConfiguration;
			buildSettings = {
				BUNDLE_LOADER = "$(TEST_HOST)";
				INFOPLIST_FILE = "05-QQ列表实现Tests/Info.plist";
				LD_RUNPATH_SEARCH_PATHS = "$(inherited) @executable_path/Frameworks @loader_path/Frameworks";
				PRODUCT_BUNDLE_IDENTIFIER = "com.xiaomage..-5-QQ----Tests";
				PRODUCT_NAME = "$(TARGET_NAME)";
				TEST_HOST = "$(BUILT_PRODUCTS_DIR)/05-QQ列表实现.app/05-QQ列表实现";
			};
			name = Debug;
		};
		E48EF2121B9EC2BA009097ED /* Release */ = {
			isa = XCBuildConfiguration;
			buildSettings = {
				BUNDLE_LOADER = "$(TEST_HOST)";
				INFOPLIST_FILE = "05-QQ列表实现Tests/Info.plist";
				LD_RUNPATH_SEARCH_PATHS = "$(inherited) @executable_path/Frameworks @loader_path/Frameworks";
				PRODUCT_BUNDLE_IDENTIFIER = "com.xiaomage..-5-QQ----Tests";
				PRODUCT_NAME = "$(TARGET_NAME)";
				TEST_HOST = "$(BUILT_PRODUCTS_DIR)/05-QQ列表实现.app/05-QQ列表实现";
			};
			name = Release;
		};
		E48EF2141B9EC2BA009097ED /* Debug */ = {
			isa = XCBuildConfiguration;
			buildSettings = {
				INFOPLIST_FILE = "05-QQ列表实现UITests/Info.plist";
				LD_RUNPATH_SEARCH_PATHS = "$(inherited) @executable_path/Frameworks @loader_path/Frameworks";
				PRODUCT_BUNDLE_IDENTIFIER = "com.xiaomage..-5-QQ----UITests";
				PRODUCT_NAME = "$(TARGET_NAME)";
				TEST_TARGET_NAME = "05-QQ列表实现";
				USES_XCTRUNNER = YES;
			};
			name = Debug;
		};
		E48EF2151B9EC2BA009097ED /* Release */ = {
			isa = XCBuildConfiguration;
			buildSettings = {
				INFOPLIST_FILE = "05-QQ列表实现UITests/Info.plist";
				LD_RUNPATH_SEARCH_PATHS = "$(inherited) @executable_path/Frameworks @loader_path/Frameworks";
				PRODUCT_BUNDLE_IDENTIFIER = "com.xiaomage..-5-QQ----UITests";
				PRODUCT_NAME = "$(TARGET_NAME)";
				TEST_TARGET_NAME = "05-QQ列表实现";
				USES_XCTRUNNER = YES;
			};
			name = Release;
		};
/* End XCBuildConfiguration section */

/* Begin XCConfigurationList section */
		E48EF1D81B9EC2BA009097ED /* Build configuration list for PBXProject "05-QQ列表实现" */ = {
			isa = XCConfigurationList;
			buildConfigurations = (
				E48EF20B1B9EC2BA009097ED /* Debug */,
				E48EF20C1B9EC2BA009097ED /* Release */,
			);
			defaultConfigurationIsVisible = 0;
			defaultConfigurationName = Release;
		};
		E48EF20D1B9EC2BA009097ED /* Build configuration list for PBXNativeTarget "05-QQ列表实现" */ = {
			isa = XCConfigurationList;
			buildConfigurations = (
				E48EF20E1B9EC2BA009097ED /* Debug */,
				E48EF20F1B9EC2BA009097ED /* Release */,
			);
			defaultConfigurationIsVisible = 0;
			defaultConfigurationName = Release;
		};
		E48EF2101B9EC2BA009097ED /* Build configuration list for PBXNativeTarget "05-QQ列表实现Tests" */ = {
			isa = XCConfigurationList;
			buildConfigurations = (
				E48EF2111B9EC2BA009097ED /* Debug */,
				E48EF2121B9EC2BA009097ED /* Release */,
			);
			defaultConfigurationIsVisible = 0;
			defaultConfigurationName = Release;
		};
		E48EF2131B9EC2BA009097ED /* Build configuration list for PBXNativeTarget "05-QQ列表实现UITests" */ = {
			isa = XCConfigurationList;
			buildConfigurations = (
				E48EF2141B9EC2BA009097ED /* Debug */,
				E48EF2151B9EC2BA009097ED /* Release */,
			);
			defaultConfigurationIsVisible = 0;
			defaultConfigurationName = Release;
		};
/* End XCConfigurationList section */

/* Begin XCVersionGroup section */
		E48EF1EC1B9EC2BA009097ED /* _5_QQ____.xcdatamodeld */ = {
			isa = XCVersionGroup;
			children = (
				E48EF1ED1B9EC2BA009097ED /* _5_QQ____.xcdatamodel */,
			);
			currentVersion = E48EF1ED1B9EC2BA009097ED /* _5_QQ____.xcdatamodel */;
			path = "_5_QQ____.xcdatamodeld";
			sourceTree = "<group>";
			versionGroupType = wrapper.xcdatamodel;
		};
/* End XCVersionGroup section */
	};
	rootObject = E48EF1D51B9EC2BA009097ED /* Project object */;
}
